lockfileVersion: '6.0'

settings:
  autoInstallPeers: true
  excludeLinksFromLockfile: false

dependencies:
  scss:
    specifier: ^0.2.4
    version: 0.2.4

packages:

  /ometa@0.2.2:
    resolution: {integrity: sha512-LZuoK/yjU3FvrxPjUXUlZ1bavCfBPqauA7fsNdwi+AVhRdyk2IzgP3JRnevvjzQ6fKHdUw8YISshf53FmpHrng==}
    engines: {node: '>= 0.2.0'}
    dev: false

  /scss@0.2.4:
    resolution: {integrity: sha512-4u8V87F+Q/upVhUmhPnB4C1R11xojkRkWjExL2v0CX2EXTg18VrKd+9JWoeyCp2VEMdSpJsyAvVU+rVjogh51A==}
    engines: {node: '>= 0.2.0'}
    dependencies:
      ometa: 0.2.2
    dev: false
